<?xml version="1.0" encoding="UTF-8"?>
<!DOCTYPE plist PUBLIC "-//Apple//DTD PLIST 1.0//EN" "http://www.apple.com/DTDs/PropertyList-1.0.dtd">
<plist version="1.0">
<dict>
	<key>archiveVersion</key>
	<string>1</string>
	<key>classes</key>
	<dict/>
	<key>objectVersion</key>
	<string>46</string>
	<key>objects</key>
	<dict>
		<key>17CED0A341C4435DA545F631</key>
		<dict>
			<key>includeInIndex</key>
			<string>1</string>
			<key>isa</key>
			<string>PBXFileReference</string>
			<key>lastKnownFileType</key>
			<string>text.xcconfig</string>
			<key>name</key>
			<string>Pods.xcconfig</string>
			<key>path</key>
			<string>Pods/Pods.xcconfig</string>
			<key>sourceTree</key>
			<string>SOURCE_ROOT</string>
		</dict>
		<key>4E69EA0A19434FA4B82456FC</key>
		<dict>
			<key>explicitFileType</key>
			<string>archive.ar</string>
			<key>includeInIndex</key>
			<string>0</string>
			<key>isa</key>
			<string>PBXFileReference</string>
			<key>name</key>
			<string>libPods.a</string>
			<key>path</key>
			<string>libPods.a</string>
			<key>sourceTree</key>
			<string>BUILT_PRODUCTS_DIR</string>
		</dict>
		<key>A076DAD5174225380056B951</key>
		<dict>
			<key>children</key>
			<array>
				<string>A076DAE7174225380056B951</string>
				<string>A076DB0B174225380056B951</string>
				<string>A076DAE0174225380056B951</string>
				<string>A076DADF174225380056B951</string>
				<string>17CED0A341C4435DA545F631</string>
			</array>
			<key>isa</key>
			<string>PBXGroup</string>
			<key>sourceTree</key>
			<string>&lt;group&gt;</string>
		</dict>
		<key>A076DAD6174225380056B951</key>
		<dict>
			<key>attributes</key>
			<dict>
				<key>CLASSPREFIX</key>
				<string>AG</string>
				<key>LastUpgradeCheck</key>
				<string>0460</string>
				<key>ORGANIZATIONNAME</key>
				<string>Red Hat</string>
			</dict>
			<key>buildConfigurationList</key>
			<string>A076DAD9174225380056B951</string>
			<key>compatibilityVersion</key>
			<string>Xcode 3.2</string>
			<key>developmentRegion</key>
			<string>English</string>
			<key>hasScannedForEncodings</key>
			<string>0</string>
			<key>isa</key>
			<string>PBXProject</string>
			<key>knownRegions</key>
			<array>
				<string>en</string>
			</array>
			<key>mainGroup</key>
			<string>A076DAD5174225380056B951</string>
			<key>productRefGroup</key>
			<string>A076DADF174225380056B951</string>
			<key>projectDirPath</key>
			<string></string>
			<key>projectReferences</key>
			<array/>
			<key>projectRoot</key>
			<string></string>
			<key>targets</key>
			<array>
				<string>A076DADD174225380056B951</string>
				<string>A076DB03174225380056B951</string>
			</array>
		</dict>
		<key>A076DAD9174225380056B951</key>
		<dict>
			<key>buildConfigurations</key>
			<array>
				<string>A076DB14174225380056B951</string>
				<string>A076DB15174225380056B951</string>
			</array>
			<key>defaultConfigurationIsVisible</key>
			<string>0</string>
			<key>defaultConfigurationName</key>
			<string>Release</string>
			<key>isa</key>
			<string>XCConfigurationList</string>
		</dict>
		<key>A076DADA174225380056B951</key>
		<dict>
			<key>buildActionMask</key>
			<string>2147483647</string>
			<key>files</key>
			<array>
				<string>A076DAEE174225380056B951</string>
				<string>A076DAF2174225380056B951</string>
				<string>A076DAFE174225380056B951</string>
			</array>
			<key>isa</key>
			<string>PBXSourcesBuildPhase</string>
			<key>runOnlyForDeploymentPostprocessing</key>
			<string>0</string>
		</dict>
		<key>A076DADB174225380056B951</key>
		<dict>
			<key>buildActionMask</key>
			<string>2147483647</string>
			<key>files</key>
			<array>
				<string>A076DAE2174225380056B951</string>
				<string>A076DAE4174225380056B951</string>
				<string>A076DAE6174225380056B951</string>
				<string>F9A547ABD75C4F3D9FE27ACF</string>
			</array>
			<key>isa</key>
			<string>PBXFrameworksBuildPhase</string>
			<key>runOnlyForDeploymentPostprocessing</key>
			<string>0</string>
		</dict>
		<key>A076DADC174225380056B951</key>
		<dict>
			<key>buildActionMask</key>
			<string>2147483647</string>
			<key>files</key>
			<array>
				<string>A076DAEC174225380056B951</string>
				<string>A076DAF4174225380056B951</string>
				<string>A076DAF6174225380056B951</string>
				<string>A076DAF8174225380056B951</string>
				<string>A076DAFB174225380056B951</string>
			</array>
			<key>isa</key>
			<string>PBXResourcesBuildPhase</string>
			<key>runOnlyForDeploymentPostprocessing</key>
			<string>0</string>
		</dict>
		<key>A076DADD174225380056B951</key>
		<dict>
			<key>buildConfigurationList</key>
			<string>A076DB16174225380056B951</string>
			<key>buildPhases</key>
			<array>
				<string>C502DCE0A439483280092CD3</string>
				<string>A076DADA174225380056B951</string>
				<string>A076DADB174225380056B951</string>
				<string>A076DADC174225380056B951</string>
				<string>EFCEAA364846457189465803</string>
			</array>
			<key>buildRules</key>
			<array/>
			<key>dependencies</key>
			<array/>
			<key>isa</key>
			<string>PBXNativeTarget</string>
			<key>name</key>
			<string>PushTest</string>
			<key>productName</key>
			<string>PushTest</string>
			<key>productReference</key>
			<string>A076DADE174225380056B951</string>
			<key>productType</key>
			<string>com.apple.product-type.application</string>
		</dict>
		<key>A076DADE174225380056B951</key>
		<dict>
			<key>explicitFileType</key>
			<string>wrapper.application</string>
			<key>includeInIndex</key>
			<string>0</string>
			<key>isa</key>
			<string>PBXFileReference</string>
			<key>path</key>
			<string>PushTest.app</string>
			<key>sourceTree</key>
			<string>BUILT_PRODUCTS_DIR</string>
		</dict>
		<key>A076DADF174225380056B951</key>
		<dict>
			<key>children</key>
			<array>
				<string>A076DADE174225380056B951</string>
				<string>A076DB04174225380056B951</string>
			</array>
			<key>isa</key>
			<string>PBXGroup</string>
			<key>name</key>
			<string>Products</string>
			<key>sourceTree</key>
			<string>&lt;group&gt;</string>
		</dict>
		<key>A076DAE0174225380056B951</key>
		<dict>
			<key>children</key>
			<array>
				<string>A076DAE1174225380056B951</string>
				<string>A076DAE3174225380056B951</string>
				<string>A076DAE5174225380056B951</string>
				<string>A076DB05174225380056B951</string>
				<string>4E69EA0A19434FA4B82456FC</string>
			</array>
			<key>isa</key>
			<string>PBXGroup</string>
			<key>name</key>
			<string>Frameworks</string>
			<key>sourceTree</key>
			<string>&lt;group&gt;</string>
		</dict>
		<key>A076DAE1174225380056B951</key>
		<dict>
			<key>isa</key>
			<string>PBXFileReference</string>
			<key>lastKnownFileType</key>
			<string>wrapper.framework</string>
			<key>name</key>
			<string>UIKit.framework</string>
			<key>path</key>
			<string>System/Library/Frameworks/UIKit.framework</string>
			<key>sourceTree</key>
			<string>SDKROOT</string>
		</dict>
		<key>A076DAE2174225380056B951</key>
		<dict>
			<key>fileRef</key>
			<string>A076DAE1174225380056B951</string>
			<key>isa</key>
			<string>PBXBuildFile</string>
		</dict>
		<key>A076DAE3174225380056B951</key>
		<dict>
			<key>isa</key>
			<string>PBXFileReference</string>
			<key>lastKnownFileType</key>
			<string>wrapper.framework</string>
			<key>name</key>
			<string>Foundation.framework</string>
			<key>path</key>
			<string>System/Library/Frameworks/Foundation.framework</string>
			<key>sourceTree</key>
			<string>SDKROOT</string>
		</dict>
		<key>A076DAE4174225380056B951</key>
		<dict>
			<key>fileRef</key>
			<string>A076DAE3174225380056B951</string>
			<key>isa</key>
			<string>PBXBuildFile</string>
		</dict>
		<key>A076DAE5174225380056B951</key>
		<dict>
			<key>isa</key>
			<string>PBXFileReference</string>
			<key>lastKnownFileType</key>
			<string>wrapper.framework</string>
			<key>name</key>
			<string>CoreGraphics.framework</string>
			<key>path</key>
			<string>System/Library/Frameworks/CoreGraphics.framework</string>
			<key>sourceTree</key>
			<string>SDKROOT</string>
		</dict>
		<key>A076DAE6174225380056B951</key>
		<dict>
			<key>fileRef</key>
			<string>A076DAE5174225380056B951</string>
			<key>isa</key>
			<string>PBXBuildFile</string>
		</dict>
		<key>A076DAE7174225380056B951</key>
		<dict>
			<key>children</key>
			<array>
				<string>A076DAF0174225380056B951</string>
				<string>A076DAF1174225380056B951</string>
				<string>A076DAF9174225380056B951</string>
				<string>A076DAFC174225380056B951</string>
				<string>A076DAFD174225380056B951</string>
				<string>A076DAE8174225380056B951</string>
			</array>
			<key>isa</key>
			<string>PBXGroup</string>
			<key>path</key>
			<string>PushTest</string>
			<key>sourceTree</key>
			<string>&lt;group&gt;</string>
		</dict>
		<key>A076DAE8174225380056B951</key>
		<dict>
			<key>children</key>
			<array>
				<string>A076DAE9174225380056B951</string>
				<string>A076DAEA174225380056B951</string>
				<string>A076DAED174225380056B951</string>
				<string>A076DAEF174225380056B951</string>
				<string>A076DAF3174225380056B951</string>
				<string>A076DAF5174225380056B951</string>
				<string>A076DAF7174225380056B951</string>
			</array>
			<key>isa</key>
			<string>PBXGroup</string>
			<key>name</key>
			<string>Supporting Files</string>
			<key>sourceTree</key>
			<string>&lt;group&gt;</string>
		</dict>
		<key>A076DAE9174225380056B951</key>
		<dict>
			<key>isa</key>
			<string>PBXFileReference</string>
			<key>lastKnownFileType</key>
			<string>text.plist.xml</string>
			<key>path</key>
			<string>PushTest-Info.plist</string>
			<key>sourceTree</key>
			<string>&lt;group&gt;</string>
		</dict>
		<key>A076DAEA174225380056B951</key>
		<dict>
			<key>children</key>
			<array>
				<string>A076DAEB174225380056B951</string>
			</array>
			<key>isa</key>
			<string>PBXVariantGroup</string>
			<key>name</key>
			<string>InfoPlist.strings</string>
			<key>sourceTree</key>
			<string>&lt;group&gt;</string>
		</dict>
		<key>A076DAEB174225380056B951</key>
		<dict>
			<key>isa</key>
			<string>PBXFileReference</string>
			<key>lastKnownFileType</key>
			<string>text.plist.strings</string>
			<key>name</key>
			<string>en</string>
			<key>path</key>
			<string>en.lproj/InfoPlist.strings</string>
			<key>sourceTree</key>
			<string>&lt;group&gt;</string>
		</dict>
		<key>A076DAEC174225380056B951</key>
		<dict>
			<key>fileRef</key>
			<string>A076DAEA174225380056B951</string>
			<key>isa</key>
			<string>PBXBuildFile</string>
		</dict>
		<key>A076DAED174225380056B951</key>
		<dict>
			<key>isa</key>
			<string>PBXFileReference</string>
			<key>lastKnownFileType</key>
			<string>sourcecode.c.objc</string>
			<key>path</key>
			<string>main.m</string>
			<key>sourceTree</key>
			<string>&lt;group&gt;</string>
		</dict>
		<key>A076DAEE174225380056B951</key>
		<dict>
			<key>fileRef</key>
			<string>A076DAED174225380056B951</string>
			<key>isa</key>
			<string>PBXBuildFile</string>
		</dict>
		<key>A076DAEF174225380056B951</key>
		<dict>
			<key>isa</key>
			<string>PBXFileReference</string>
			<key>lastKnownFileType</key>
			<string>sourcecode.c.h</string>
			<key>path</key>
			<string>PushTest-Prefix.pch</string>
			<key>sourceTree</key>
			<string>&lt;group&gt;</string>
		</dict>
		<key>A076DAF0174225380056B951</key>
		<dict>
			<key>isa</key>
			<string>PBXFileReference</string>
			<key>lastKnownFileType</key>
			<string>sourcecode.c.h</string>
			<key>path</key>
			<string>AGAppDelegate.h</string>
			<key>sourceTree</key>
			<string>&lt;group&gt;</string>
		</dict>
		<key>A076DAF1174225380056B951</key>
		<dict>
			<key>isa</key>
			<string>PBXFileReference</string>
			<key>lastKnownFileType</key>
			<string>sourcecode.c.objc</string>
			<key>path</key>
			<string>AGAppDelegate.m</string>
			<key>sourceTree</key>
			<string>&lt;group&gt;</string>
		</dict>
		<key>A076DAF2174225380056B951</key>
		<dict>
			<key>fileRef</key>
			<string>A076DAF1174225380056B951</string>
			<key>isa</key>
			<string>PBXBuildFile</string>
		</dict>
		<key>A076DAF3174225380056B951</key>
		<dict>
			<key>isa</key>
			<string>PBXFileReference</string>
			<key>lastKnownFileType</key>
			<string>image.png</string>
			<key>path</key>
			<string>Default.png</string>
			<key>sourceTree</key>
			<string>&lt;group&gt;</string>
		</dict>
		<key>A076DAF4174225380056B951</key>
		<dict>
			<key>fileRef</key>
			<string>A076DAF3174225380056B951</string>
			<key>isa</key>
			<string>PBXBuildFile</string>
		</dict>
		<key>A076DAF5174225380056B951</key>
		<dict>
			<key>isa</key>
			<string>PBXFileReference</string>
			<key>lastKnownFileType</key>
			<string>image.png</string>
			<key>path</key>
			<string>Default@2x.png</string>
			<key>sourceTree</key>
			<string>&lt;group&gt;</string>
		</dict>
		<key>A076DAF6174225380056B951</key>
		<dict>
			<key>fileRef</key>
			<string>A076DAF5174225380056B951</string>
			<key>isa</key>
			<string>PBXBuildFile</string>
		</dict>
		<key>A076DAF7174225380056B951</key>
		<dict>
			<key>isa</key>
			<string>PBXFileReference</string>
			<key>lastKnownFileType</key>
			<string>image.png</string>
			<key>path</key>
			<string>Default-568h@2x.png</string>
			<key>sourceTree</key>
			<string>&lt;group&gt;</string>
		</dict>
		<key>A076DAF8174225380056B951</key>
		<dict>
			<key>fileRef</key>
			<string>A076DAF7174225380056B951</string>
			<key>isa</key>
			<string>PBXBuildFile</string>
		</dict>
		<key>A076DAF9174225380056B951</key>
		<dict>
			<key>children</key>
			<array>
				<string>A076DAFA174225380056B951</string>
			</array>
			<key>isa</key>
			<string>PBXVariantGroup</string>
			<key>name</key>
			<string>MainStoryboard.storyboard</string>
			<key>sourceTree</key>
			<string>&lt;group&gt;</string>
		</dict>
		<key>A076DAFA174225380056B951</key>
		<dict>
			<key>isa</key>
			<string>PBXFileReference</string>
			<key>lastKnownFileType</key>
			<string>file.storyboard</string>
			<key>name</key>
			<string>en</string>
			<key>path</key>
			<string>en.lproj/MainStoryboard.storyboard</string>
			<key>sourceTree</key>
			<string>&lt;group&gt;</string>
		</dict>
		<key>A076DAFB174225380056B951</key>
		<dict>
			<key>fileRef</key>
			<string>A076DAF9174225380056B951</string>
			<key>isa</key>
			<string>PBXBuildFile</string>
		</dict>
		<key>A076DAFC174225380056B951</key>
		<dict>
			<key>isa</key>
			<string>PBXFileReference</string>
			<key>lastKnownFileType</key>
			<string>sourcecode.c.h</string>
			<key>path</key>
			<string>AGViewController.h</string>
			<key>sourceTree</key>
			<string>&lt;group&gt;</string>
		</dict>
		<key>A076DAFD174225380056B951</key>
		<dict>
			<key>isa</key>
			<string>PBXFileReference</string>
			<key>lastKnownFileType</key>
			<string>sourcecode.c.objc</string>
			<key>path</key>
			<string>AGViewController.m</string>
			<key>sourceTree</key>
			<string>&lt;group&gt;</string>
		</dict>
		<key>A076DAFE174225380056B951</key>
		<dict>
			<key>fileRef</key>
			<string>A076DAFD174225380056B951</string>
			<key>isa</key>
			<string>PBXBuildFile</string>
		</dict>
		<key>A076DAFF174225380056B951</key>
		<dict>
			<key>buildActionMask</key>
			<string>2147483647</string>
			<key>files</key>
			<array>
				<string>A076DB13174225380056B951</string>
			</array>
			<key>isa</key>
			<string>PBXSourcesBuildPhase</string>
			<key>runOnlyForDeploymentPostprocessing</key>
			<string>0</string>
		</dict>
		<key>A076DB00174225380056B951</key>
		<dict>
			<key>buildActionMask</key>
			<string>2147483647</string>
			<key>files</key>
			<array>
				<string>A076DB06174225380056B951</string>
				<string>A076DB07174225380056B951</string>
				<string>A076DB08174225380056B951</string>
			</array>
			<key>isa</key>
			<string>PBXFrameworksBuildPhase</string>
			<key>runOnlyForDeploymentPostprocessing</key>
			<string>0</string>
		</dict>
		<key>A076DB01174225380056B951</key>
		<dict>
			<key>buildActionMask</key>
			<string>2147483647</string>
			<key>files</key>
			<array>
				<string>A076DB10174225380056B951</string>
			</array>
			<key>isa</key>
			<string>PBXResourcesBuildPhase</string>
			<key>runOnlyForDeploymentPostprocessing</key>
			<string>0</string>
		</dict>
		<key>A076DB02174225380056B951</key>
		<dict>
			<key>buildActionMask</key>
			<string>2147483647</string>
			<key>files</key>
			<array/>
			<key>inputPaths</key>
			<array/>
			<key>isa</key>
			<string>PBXShellScriptBuildPhase</string>
			<key>outputPaths</key>
			<array/>
			<key>runOnlyForDeploymentPostprocessing</key>
			<string>0</string>
			<key>shellPath</key>
			<string>/bin/sh</string>
			<key>shellScript</key>
			<string># Run the unit tests in this test bundle.
"${SYSTEM_DEVELOPER_DIR}/Tools/RunUnitTests"
</string>
		</dict>
		<key>A076DB03174225380056B951</key>
		<dict>
			<key>buildConfigurationList</key>
			<string>A076DB19174225380056B951</string>
			<key>buildPhases</key>
			<array>
				<string>A076DAFF174225380056B951</string>
				<string>A076DB00174225380056B951</string>
				<string>A076DB01174225380056B951</string>
				<string>A076DB02174225380056B951</string>
			</array>
			<key>buildRules</key>
			<array/>
			<key>dependencies</key>
			<array>
				<string>A076DB0A174225380056B951</string>
			</array>
			<key>isa</key>
			<string>PBXNativeTarget</string>
			<key>name</key>
			<string>PushTestTests</string>
			<key>productName</key>
			<string>PushTestTests</string>
			<key>productReference</key>
			<string>A076DB04174225380056B951</string>
			<key>productType</key>
			<string>com.apple.product-type.bundle</string>
		</dict>
		<key>A076DB04174225380056B951</key>
		<dict>
			<key>explicitFileType</key>
			<string>wrapper.cfbundle</string>
			<key>includeInIndex</key>
			<string>0</string>
			<key>isa</key>
			<string>PBXFileReference</string>
			<key>path</key>
			<string>PushTestTests.octest</string>
			<key>sourceTree</key>
			<string>BUILT_PRODUCTS_DIR</string>
		</dict>
		<key>A076DB05174225380056B951</key>
		<dict>
			<key>isa</key>
			<string>PBXFileReference</string>
			<key>lastKnownFileType</key>
			<string>wrapper.framework</string>
			<key>name</key>
			<string>SenTestingKit.framework</string>
			<key>path</key>
			<string>Library/Frameworks/SenTestingKit.framework</string>
			<key>sourceTree</key>
			<string>DEVELOPER_DIR</string>
		</dict>
		<key>A076DB06174225380056B951</key>
		<dict>
			<key>fileRef</key>
			<string>A076DB05174225380056B951</string>
			<key>isa</key>
			<string>PBXBuildFile</string>
		</dict>
		<key>A076DB07174225380056B951</key>
		<dict>
			<key>fileRef</key>
			<string>A076DAE1174225380056B951</string>
			<key>isa</key>
			<string>PBXBuildFile</string>
		</dict>
		<key>A076DB08174225380056B951</key>
		<dict>
			<key>fileRef</key>
			<string>A076DAE3174225380056B951</string>
			<key>isa</key>
			<string>PBXBuildFile</string>
		</dict>
		<key>A076DB09174225380056B951</key>
		<dict>
			<key>containerPortal</key>
			<string>A076DAD6174225380056B951</string>
			<key>isa</key>
			<string>PBXContainerItemProxy</string>
			<key>proxyType</key>
			<string>1</string>
			<key>remoteGlobalIDString</key>
			<string>A076DADD174225380056B951</string>
			<key>remoteInfo</key>
			<string>PushTest</string>
		</dict>
		<key>A076DB0A174225380056B951</key>
		<dict>
			<key>isa</key>
			<string>PBXTargetDependency</string>
			<key>target</key>
			<string>A076DADD174225380056B951</string>
			<key>targetProxy</key>
			<string>A076DB09174225380056B951</string>
		</dict>
		<key>A076DB0B174225380056B951</key>
		<dict>
			<key>children</key>
			<array>
				<string>A076DB11174225380056B951</string>
				<string>A076DB12174225380056B951</string>
				<string>A076DB0C174225380056B951</string>
			</array>
			<key>isa</key>
			<string>PBXGroup</string>
			<key>path</key>
			<string>PushTestTests</string>
			<key>sourceTree</key>
			<string>&lt;group&gt;</string>
		</dict>
		<key>A076DB0C174225380056B951</key>
		<dict>
			<key>children</key>
			<array>
				<string>A076DB0D174225380056B951</string>
				<string>A076DB0E174225380056B951</string>
			</array>
			<key>isa</key>
			<string>PBXGroup</string>
			<key>name</key>
			<string>Supporting Files</string>
			<key>sourceTree</key>
			<string>&lt;group&gt;</string>
		</dict>
		<key>A076DB0D174225380056B951</key>
		<dict>
			<key>isa</key>
			<string>PBXFileReference</string>
			<key>lastKnownFileType</key>
			<string>text.plist.xml</string>
			<key>path</key>
			<string>PushTestTests-Info.plist</string>
			<key>sourceTree</key>
			<string>&lt;group&gt;</string>
		</dict>
		<key>A076DB0E174225380056B951</key>
		<dict>
			<key>children</key>
			<array>
				<string>A076DB0F174225380056B951</string>
			</array>
			<key>isa</key>
			<string>PBXVariantGroup</string>
			<key>name</key>
			<string>InfoPlist.strings</string>
			<key>sourceTree</key>
			<string>&lt;group&gt;</string>
		</dict>
		<key>A076DB0F174225380056B951</key>
		<dict>
			<key>isa</key>
			<string>PBXFileReference</string>
			<key>lastKnownFileType</key>
			<string>text.plist.strings</string>
			<key>name</key>
			<string>en</string>
			<key>path</key>
			<string>en.lproj/InfoPlist.strings</string>
			<key>sourceTree</key>
			<string>&lt;group&gt;</string>
		</dict>
		<key>A076DB10174225380056B951</key>
		<dict>
			<key>fileRef</key>
			<string>A076DB0E174225380056B951</string>
			<key>isa</key>
			<string>PBXBuildFile</string>
		</dict>
		<key>A076DB11174225380056B951</key>
		<dict>
			<key>isa</key>
			<string>PBXFileReference</string>
			<key>lastKnownFileType</key>
			<string>sourcecode.c.h</string>
			<key>path</key>
			<string>PushTestTests.h</string>
			<key>sourceTree</key>
			<string>&lt;group&gt;</string>
		</dict>
		<key>A076DB12174225380056B951</key>
		<dict>
			<key>isa</key>
			<string>PBXFileReference</string>
			<key>lastKnownFileType</key>
			<string>sourcecode.c.objc</string>
			<key>path</key>
			<string>PushTestTests.m</string>
			<key>sourceTree</key>
			<string>&lt;group&gt;</string>
		</dict>
		<key>A076DB13174225380056B951</key>
		<dict>
			<key>fileRef</key>
			<string>A076DB12174225380056B951</string>
			<key>isa</key>
			<string>PBXBuildFile</string>
		</dict>
		<key>A076DB14174225380056B951</key>
		<dict>
			<key>buildSettings</key>
			<dict>
				<key>ALWAYS_SEARCH_USER_PATHS</key>
				<string>NO</string>
				<key>CLANG_CXX_LANGUAGE_STANDARD</key>
				<string>gnu++0x</string>
				<key>CLANG_CXX_LIBRARY</key>
				<string>libc++</string>
				<key>CLANG_ENABLE_OBJC_ARC</key>
				<string>YES</string>
				<key>CLANG_WARN_CONSTANT_CONVERSION</key>
				<string>YES</string>
				<key>CLANG_WARN_EMPTY_BODY</key>
				<string>YES</string>
				<key>CLANG_WARN_ENUM_CONVERSION</key>
				<string>YES</string>
				<key>CLANG_WARN_INT_CONVERSION</key>
				<string>YES</string>
				<key>CLANG_WARN__DUPLICATE_METHOD_MATCH</key>
				<string>YES</string>
				<key>CODE_SIGN_IDENTITY[sdk=iphoneos*]</key>
				<string>iPhone Developer</string>
				<key>COPY_PHASE_STRIP</key>
				<string>NO</string>
				<key>GCC_C_LANGUAGE_STANDARD</key>
				<string>gnu99</string>
				<key>GCC_DYNAMIC_NO_PIC</key>
				<string>NO</string>
				<key>GCC_OPTIMIZATION_LEVEL</key>
				<string>0</string>
				<key>GCC_PREPROCESSOR_DEFINITIONS</key>
				<array>
					<string>DEBUG=1</string>
					<string>$(inherited)</string>
				</array>
				<key>GCC_SYMBOLS_PRIVATE_EXTERN</key>
				<string>NO</string>
				<key>GCC_WARN_ABOUT_RETURN_TYPE</key>
				<string>YES</string>
				<key>GCC_WARN_UNINITIALIZED_AUTOS</key>
				<string>YES</string>
				<key>GCC_WARN_UNUSED_VARIABLE</key>
				<string>YES</string>
				<key>IPHONEOS_DEPLOYMENT_TARGET</key>
				<string>6.1</string>
				<key>ONLY_ACTIVE_ARCH</key>
				<string>YES</string>
				<key>SDKROOT</key>
				<string>iphoneos</string>
			</dict>
			<key>isa</key>
			<string>XCBuildConfiguration</string>
			<key>name</key>
			<string>Debug</string>
		</dict>
		<key>A076DB15174225380056B951</key>
		<dict>
			<key>buildSettings</key>
			<dict>
				<key>ALWAYS_SEARCH_USER_PATHS</key>
				<string>NO</string>
				<key>CLANG_CXX_LANGUAGE_STANDARD</key>
				<string>gnu++0x</string>
				<key>CLANG_CXX_LIBRARY</key>
				<string>libc++</string>
				<key>CLANG_ENABLE_OBJC_ARC</key>
				<string>YES</string>
				<key>CLANG_WARN_CONSTANT_CONVERSION</key>
				<string>YES</string>
				<key>CLANG_WARN_EMPTY_BODY</key>
				<string>YES</string>
				<key>CLANG_WARN_ENUM_CONVERSION</key>
				<string>YES</string>
				<key>CLANG_WARN_INT_CONVERSION</key>
				<string>YES</string>
				<key>CLANG_WARN__DUPLICATE_METHOD_MATCH</key>
				<string>YES</string>
				<key>CODE_SIGN_IDENTITY[sdk=iphoneos*]</key>
				<string>iPhone Developer</string>
				<key>COPY_PHASE_STRIP</key>
				<string>YES</string>
				<key>GCC_C_LANGUAGE_STANDARD</key>
				<string>gnu99</string>
				<key>GCC_WARN_ABOUT_RETURN_TYPE</key>
				<string>YES</string>
				<key>GCC_WARN_UNINITIALIZED_AUTOS</key>
				<string>YES</string>
				<key>GCC_WARN_UNUSED_VARIABLE</key>
				<string>YES</string>
				<key>IPHONEOS_DEPLOYMENT_TARGET</key>
				<string>6.1</string>
				<key>OTHER_CFLAGS</key>
				<string>-DNS_BLOCK_ASSERTIONS=1</string>
				<key>SDKROOT</key>
				<string>iphoneos</string>
				<key>VALIDATE_PRODUCT</key>
				<string>YES</string>
			</dict>
			<key>isa</key>
			<string>XCBuildConfiguration</string>
			<key>name</key>
			<string>Release</string>
		</dict>
		<key>A076DB16174225380056B951</key>
		<dict>
			<key>buildConfigurations</key>
			<array>
				<string>A076DB17174225380056B951</string>
				<string>A076DB18174225380056B951</string>
			</array>
			<key>defaultConfigurationIsVisible</key>
			<string>0</string>
			<key>isa</key>
			<string>XCConfigurationList</string>
		</dict>
		<key>A076DB17174225380056B951</key>
		<dict>
			<key>baseConfigurationReference</key>
			<string>17CED0A341C4435DA545F631</string>
			<key>buildSettings</key>
			<dict>
				<key>GCC_PRECOMPILE_PREFIX_HEADER</key>
				<string>YES</string>
				<key>GCC_PREFIX_HEADER</key>
				<string>PushTest/PushTest-Prefix.pch</string>
				<key>INFOPLIST_FILE</key>
				<string>PushTest/PushTest-Info.plist</string>
				<key>PRODUCT_NAME</key>
				<string>$(TARGET_NAME)</string>
				<key>WRAPPER_EXTENSION</key>
				<string>app</string>
			</dict>
			<key>isa</key>
			<string>XCBuildConfiguration</string>
			<key>name</key>
			<string>Debug</string>
		</dict>
		<key>A076DB18174225380056B951</key>
		<dict>
			<key>baseConfigurationReference</key>
			<string>17CED0A341C4435DA545F631</string>
			<key>buildSettings</key>
			<dict>
				<key>GCC_PRECOMPILE_PREFIX_HEADER</key>
				<string>YES</string>
				<key>GCC_PREFIX_HEADER</key>
				<string>PushTest/PushTest-Prefix.pch</string>
				<key>INFOPLIST_FILE</key>
				<string>PushTest/PushTest-Info.plist</string>
				<key>PRODUCT_NAME</key>
				<string>$(TARGET_NAME)</string>
				<key>WRAPPER_EXTENSION</key>
				<string>app</string>
			</dict>
			<key>isa</key>
			<string>XCBuildConfiguration</string>
			<key>name</key>
			<string>Release</string>
		</dict>
		<key>A076DB19174225380056B951</key>
		<dict>
			<key>buildConfigurations</key>
			<array>
				<string>A076DB1A174225380056B951</string>
				<string>A076DB1B174225380056B951</string>
			</array>
			<key>defaultConfigurationIsVisible</key>
			<string>0</string>
			<key>isa</key>
			<string>XCConfigurationList</string>
		</dict>
		<key>A076DB1A174225380056B951</key>
		<dict>
			<key>buildSettings</key>
			<dict>
				<key>BUNDLE_LOADER</key>
				<string>$(BUILT_PRODUCTS_DIR)/PushTest.app/PushTest</string>
				<key>FRAMEWORK_SEARCH_PATHS</key>
				<array>
					<string>"$(SDKROOT)/Developer/Library/Frameworks"</string>
					<string>"$(DEVELOPER_LIBRARY_DIR)/Frameworks"</string>
				</array>
				<key>GCC_PRECOMPILE_PREFIX_HEADER</key>
				<string>YES</string>
				<key>GCC_PREFIX_HEADER</key>
				<string>PushTest/PushTest-Prefix.pch</string>
				<key>INFOPLIST_FILE</key>
				<string>PushTestTests/PushTestTests-Info.plist</string>
				<key>PRODUCT_NAME</key>
				<string>$(TARGET_NAME)</string>
				<key>TEST_HOST</key>
				<string>$(BUNDLE_LOADER)</string>
				<key>WRAPPER_EXTENSION</key>
				<string>octest</string>
			</dict>
			<key>isa</key>
			<string>XCBuildConfiguration</string>
			<key>name</key>
			<string>Debug</string>
		</dict>
		<key>A076DB1B174225380056B951</key>
		<dict>
			<key>buildSettings</key>
			<dict>
				<key>BUNDLE_LOADER</key>
				<string>$(BUILT_PRODUCTS_DIR)/PushTest.app/PushTest</string>
				<key>FRAMEWORK_SEARCH_PATHS</key>
				<array>
					<string>"$(SDKROOT)/Developer/Library/Frameworks"</string>
					<string>"$(DEVELOPER_LIBRARY_DIR)/Frameworks"</string>
				</array>
				<key>GCC_PRECOMPILE_PREFIX_HEADER</key>
				<string>YES</string>
				<key>GCC_PREFIX_HEADER</key>
				<string>PushTest/PushTest-Prefix.pch</string>
				<key>INFOPLIST_FILE</key>
				<string>PushTestTests/PushTestTests-Info.plist</string>
				<key>PRODUCT_NAME</key>
				<string>$(TARGET_NAME)</string>
				<key>TEST_HOST</key>
				<string>$(BUNDLE_LOADER)</string>
				<key>WRAPPER_EXTENSION</key>
				<string>octest</string>
			</dict>
			<key>isa</key>
			<string>XCBuildConfiguration</string>
			<key>name</key>
			<string>Release</string>
		</dict>
		<key>C502DCE0A439483280092CD3</key>
		<dict>
			<key>buildActionMask</key>
			<string>2147483647</string>
			<key>files</key>
			<array/>
			<key>inputPaths</key>
			<array/>
			<key>isa</key>
			<string>PBXShellScriptBuildPhase</string>
			<key>name</key>
			<string>Check Pods Manifest.lock</string>
			<key>outputPaths</key>
			<array/>
			<key>runOnlyForDeploymentPostprocessing</key>
			<string>0</string>
			<key>shellPath</key>
			<string>/bin/sh</string>
			<key>shellScript</key>
			<string>diff "${PODS_ROOT}/../Podfile.lock" "${PODS_ROOT}/Manifest.lock" &gt; /dev/null
if [[ $? != 0 ]] ; then
    cat &lt;&lt; EOM
error: The sandbox is not in sync with the Podfile.lock. Run 'pod install' or update your CocoaPods installation.
EOM
    exit 1
fi
</string>
			<key>showEnvVarsInLog</key>
			<string>1</string>
		</dict>
		<key>EFCEAA364846457189465803</key>
		<dict>
			<key>buildActionMask</key>
			<string>2147483647</string>
			<key>files</key>
			<array/>
			<key>inputPaths</key>
			<array/>
			<key>isa</key>
			<string>PBXShellScriptBuildPhase</string>
			<key>name</key>
			<string>Copy Pods Resources</string>
			<key>outputPaths</key>
			<array/>
			<key>runOnlyForDeploymentPostprocessing</key>
			<string>0</string>
			<key>shellPath</key>
			<string>/bin/sh</string>
			<key>shellScript</key>
			<string>"${SRCROOT}/Pods/Pods-resources.sh"
</string>
			<key>showEnvVarsInLog</key>
			<string>1</string>
		</dict>
		<key>F9A547ABD75C4F3D9FE27ACF</key>
		<dict>
			<key>fileRef</key>
			<string>4E69EA0A19434FA4B82456FC</string>
			<key>isa</key>
			<string>PBXBuildFile</string>
			<key>settings</key>
			<dict/>
		</dict>
	</dict>
	<key>rootObject</key>
	<string>A076DAD6174225380056B951</string>
</dict>
</plist>
